
Microsoft Visual Studio Solution File, Format Version 12.00
# Visual Studio Version 16
VisualStudioVersion = 16.0.31313.79
MinimumVisualStudioVersion = 10.0.40219.1
Project("{FAE04EC0-301F-11D3-BF4B-00C04F79EFBC}") = "Doctor-Appointment-App", "Doctor-Appointment-App\Doctor-Appointment-App.csproj", "{8E632E8A-47FD-4A8F-BEE3-A7F9B20F158D}"
EndProject
Global
	GlobalSection(SolutionConfigurationPlatforms) = preSolution
		Debug|Any CPU = Debug|Any CPU
		Release|Any CPU = Release|Any CPU
	EndGlobalSection
	GlobalSection(ProjectConfigurationPlatforms) = postSolution
		{8E632E8A-47FD-4A8F-BEE3-A7F9B20F158D}.Debug|Any CPU.ActiveCfg = Debug|Any CPU
		{8E632E8A-47FD-4A8F-BEE3-A7F9B20F158D}.Debug|Any CPU.Build.0 = Debug|Any CPU
		{8E632E8A-47FD-4A8F-BEE3-A7F9B20F158D}.Release|Any CPU.ActiveCfg = Release|Any CPU
		{8E632E8A-47FD-4A8F-BEE3-A7F9B20F158D}.Release|Any CPU.Build.0 = Release|Any CPU
	EndGlobalSection
	GlobalSection(SolutionProperties) = preSolution
		HideSolutionNode = FALSE
	EndGlobalSection
	GlobalSection(ExtensibilityGlobals) = postSolution
		SolutionGuid = {897008D8-3E5C-419F-B0E3-2600FFA07B92}
	EndGlobalSection
EndGlobal
